// !$*UTF8*$!
{
	archiveVersion = 1;
	classes = {
	};
	objectVersion = 50;
	objects = {

/* Begin PBXBuildFile section */
		322A9EEB239FA6170035D035 /* SunilFramework.h in Headers */ = {isa = PBXBuildFile; fileRef = 322A9EE9239FA6170035D035 /* SunilFramework.h */; settings = {ATTRIBUTES = (Public, ); }; };
		322A9EF8239FA6310035D035 /* AppDelegate.swift in Sources */ = {isa = PBXBuildFile; fileRef = 322A9EF7239FA6310035D035 /* AppDelegate.swift */; };
		322A9EFA239FA6310035D035 /* SceneDelegate.swift in Sources */ = {isa = PBXBuildFile; fileRef = 322A9EF9239FA6310035D035 /* SceneDelegate.swift */; };
		322A9EFC239FA6310035D035 /* ViewController.swift in Sources */ = {isa = PBXBuildFile; fileRef = 322A9EFB239FA6310035D035 /* ViewController.swift */; };
		322A9EFF239FA6310035D035 /* Main.storyboard in Resources */ = {isa = PBXBuildFile; fileRef = 322A9EFD239FA6310035D035 /* Main.storyboard */; };
		322A9F02239FA6310035D035 /* SunilApp.xcdatamodeld in Sources */ = {isa = PBXBuildFile; fileRef = 322A9F00239FA6310035D035 /* SunilApp.xcdatamodeld */; };
		322A9F04239FA6330035D035 /* Assets.xcassets in Resources */ = {isa = PBXBuildFile; fileRef = 322A9F03239FA6330035D035 /* Assets.xcassets */; };
		322A9F07239FA6330035D035 /* LaunchScreen.storyboard in Resources */ = {isa = PBXBuildFile; fileRef = 322A9F05239FA6330035D035 /* LaunchScreen.storyboard */; };
		322A9F12239FA6330035D035 /* SunilAppUITests.swift in Sources */ = {isa = PBXBuildFile; fileRef = 322A9F11239FA6330035D035 /* SunilAppUITests.swift */; };
		322A9F1B239FA6620035D035 /* SunilFrameworkClass.swift in Sources */ = {isa = PBXBuildFile; fileRef = 322A9F1A239FA6620035D035 /* SunilFrameworkClass.swift */; };
		322A9F1D239FA6E00035D035 /* SunilFramework.framework in Frameworks */ = {isa = PBXBuildFile; fileRef = 322A9EE6239FA6170035D035 /* SunilFramework.framework */; };
		322A9F1E239FA6E00035D035 /* SunilFramework.framework in Embed Frameworks */ = {isa = PBXBuildFile; fileRef = 322A9EE6239FA6170035D035 /* SunilFramework.framework */; settings = {ATTRIBUTES = (CodeSignOnCopy, RemoveHeadersOnCopy, ); }; };
/* End PBXBuildFile section */

/* Begin PBXContainerItemProxy section */
		322A9F0E239FA6330035D035 /* PBXContainerItemProxy */ = {
			isa = PBXContainerItemProxy;
			containerPortal = 322A9EDD239FA6160035D035 /* Project object */;
			proxyType = 1;
			remoteGlobalIDString = 322A9EF4239FA6310035D035;
			remoteInfo = SunilApp;
		};
		322A9F1F239FA6E00035D035 /* PBXContainerItemProxy */ = {
			isa = PBXContainerItemProxy;
			containerPortal = 322A9EDD239FA6160035D035 /* Project object */;
			proxyType = 1;
			remoteGlobalIDString = 322A9EE5239FA6170035D035;
			remoteInfo = SunilFramework;
		};
/* End PBXContainerItemProxy section */

/* Begin PBXCopyFilesBuildPhase section */
		322A9F21239FA6E00035D035 /* Embed Frameworks */ = {
			isa = PBXCopyFilesBuildPhase;
			buildActionMask = 2147483647;
			dstPath = "";
			dstSubfolderSpec = 10;
			files = (
				322A9F1E239FA6E00035D035 /* SunilFramework.framework in Embed Frameworks */,
			);
			name = "Embed Frameworks";
			runOnlyForDeploymentPostprocessing = 0;
		};
/* End PBXCopyFilesBuildPhase section */

/* Begin PBXFileReference section */
		322A9EE6239FA6170035D035 /* SunilFramework.framework */ = {isa = PBXFileReference; explicitFileType = wrapper.framework; includeInIndex = 0; path = SunilFramework.framework; sourceTree = BUILT_PRODUCTS_DIR; };
		322A9EE9239FA6170035D035 /* SunilFramework.h */ = {isa = PBXFileReference; lastKnownFileType = sourcecode.c.h; path = SunilFramework.h; sourceTree = "<group>"; };
		322A9EEA239FA6170035D035 /* Info.plist */ = {isa = PBXFileReference; lastKnownFileType = text.plist.xml; path = Info.plist; sourceTree = "<group>"; };
		322A9EF5239FA6310035D035 /* SunilApp.app */ = {isa = PBXFileReference; explicitFileType = wrapper.application; includeInIndex = 0; path = SunilApp.app; sourceTree = BUILT_PRODUCTS_DIR; };
		322A9EF7239FA6310035D035 /* AppDelegate.swift */ = {isa = PBXFileReference; lastKnownFileType = sourcecode.swift; path = AppDelegate.swift; sourceTree = "<group>"; };
		322A9EF9239FA6310035D035 /* SceneDelegate.swift */ = {isa = PBXFileReference; lastKnownFileType = sourcecode.swift; path = SceneDelegate.swift; sourceTree = "<group>"; };
		322A9EFB239FA6310035D035 /* ViewController.swift */ = {isa = PBXFileReference; lastKnownFileType = sourcecode.swift; path = ViewController.swift; sourceTree = "<group>"; };
		322A9EFE239FA6310035D035 /* Base */ = {isa = PBXFileReference; lastKnownFileType = file.storyboard; name = Base; path = Base.lproj/Main.storyboard; sourceTree = "<group>"; };
		322A9F01239FA6310035D035 /* SunilApp.xcdatamodel */ = {isa = PBXFileReference; lastKnownFileType = wrapper.xcdatamodel; path = SunilApp.xcdatamodel; sourceTree = "<group>"; };
		322A9F03239FA6330035D035 /* Assets.xcassets */ = {isa = PBXFileReference; lastKnownFileType = folder.assetcatalog; path = Assets.xcassets; sourceTree = "<group>"; };
		322A9F06239FA6330035D035 /* Base */ = {isa = PBXFileReference; lastKnownFileType = file.storyboard; name = Base; path = Base.lproj/LaunchScreen.storyboard; sourceTree = "<group>"; };
		322A9F08239FA6330035D035 /* Info.plist */ = {isa = PBXFileReference; lastKnownFileType = text.plist.xml; path = Info.plist; sourceTree = "<group>"; };
		322A9F0D239FA6330035D035 /* SunilAppUITests.xctest */ = {isa = PBXFileReference; explicitFileType = wrapper.cfbundle; includeInIndex = 0; path = SunilAppUITests.xctest; sourceTree = BUILT_PRODUCTS_DIR; };
		322A9F11239FA6330035D035 /* SunilAppUITests.swift */ = {isa = PBXFileReference; lastKnownFileType = sourcecode.swift; path = SunilAppUITests.swift; sourceTree = "<group>"; };
		322A9F13239FA6330035D035 /* Info.plist */ = {isa = PBXFileReference; lastKnownFileType = text.plist.xml; path = Info.plist; sourceTree = "<group>"; };
		322A9F1A239FA6620035D035 /* SunilFrameworkClass.swift */ = {isa = PBXFileReference; lastKnownFileType = sourcecode.swift; path = SunilFrameworkClass.swift; sourceTree = "<group>"; };
/* End PBXFileReference section */

/* Begin PBXFrameworksBuildPhase section */
		322A9EE3239FA6170035D035 /* Frameworks */ = {
			isa = PBXFrameworksBuildPhase;
			buildActionMask = 2147483647;
			files = (
			);
			runOnlyForDeploymentPostprocessing = 0;
		};
		322A9EF2239FA6310035D035 /* Frameworks */ = {
			isa = PBXFrameworksBuildPhase;
			buildActionMask = 2147483647;
			files = (
				322A9F1D239FA6E00035D035 /* SunilFramework.framework in Frameworks */,
			);
			runOnlyForDeploymentPostprocessing = 0;
		};
		322A9F0A239FA6330035D035 /* Frameworks */ = {
			isa = PBXFrameworksBuildPhase;
			buildActionMask = 2147483647;
			files = (
			);
			runOnlyForDeploymentPostprocessing = 0;
		};
/* End PBXFrameworksBuildPhase section */

/* Begin PBXGroup section */
		322A9EDC239FA6160035D035 = {
			isa = PBXGroup;
			children = (
				322A9EE8239FA6170035D035 /* SunilFramework */,
				322A9EF6239FA6310035D035 /* SunilApp */,
				322A9F10239FA6330035D035 /* SunilAppUITests */,
				322A9EE7239FA6170035D035 /* Products */,
				322A9F1C239FA6E00035D035 /* Frameworks */,
			);
			sourceTree = "<group>";
		};
		322A9EE7239FA6170035D035 /* Products */ = {
			isa = PBXGroup;
			children = (
				322A9EE6239FA6170035D035 /* SunilFramework.framework */,
				322A9EF5239FA6310035D035 /* SunilApp.app */,
				322A9F0D239FA6330035D035 /* SunilAppUITests.xctest */,
			);
			name = Products;
			sourceTree = "<group>";
		};
		322A9EE8239FA6170035D035 /* SunilFramework */ = {
			isa = PBXGroup;
			children = (
				322A9EE9239FA6170035D035 /* SunilFramework.h */,
				322A9EEA239FA6170035D035 /* Info.plist */,
				322A9F1A239FA6620035D035 /* SunilFrameworkClass.swift */,
			);
			path = SunilFramework;
			sourceTree = "<group>";
		};
		322A9EF6239FA6310035D035 /* SunilApp */ = {
			isa = PBXGroup;
			children = (
				322A9EF7239FA6310035D035 /* AppDelegate.swift */,
				322A9EF9239FA6310035D035 /* SceneDelegate.swift */,
				322A9EFB239FA6310035D035 /* ViewController.swift */,
				322A9EFD239FA6310035D035 /* Main.storyboard */,
				322A9F03239FA6330035D035 /* Assets.xcassets */,
				322A9F05239FA6330035D035 /* LaunchScreen.storyboard */,
				322A9F08239FA6330035D035 /* Info.plist */,
				322A9F00239FA6310035D035 /* SunilApp.xcdatamodeld */,
			);
			path = SunilApp;
			sourceTree = "<group>";
		};
		322A9F10239FA6330035D035 /* SunilAppUITests */ = {
			isa = PBXGroup;
			children = (
				322A9F11239FA6330035D035 /* SunilAppUITests.swift */,
				322A9F13239FA6330035D035 /* Info.plist */,
			);
			path = SunilAppUITests;
			sourceTree = "<group>";
		};
		322A9F1C239FA6E00035D035 /* Frameworks */ = {
			isa = PBXGroup;
			children = (
			);
			name = Frameworks;
			sourceTree = "<group>";
		};
/* End PBXGroup section */

/* Begin PBXHeadersBuildPhase section */
		322A9EE1239FA6170035D035 /* Headers */ = {
			isa = PBXHeadersBuildPhase;
			buildActionMask = 2147483647;
			files = (
				322A9EEB239FA6170035D035 /* SunilFramework.h in Headers */,
			);
			runOnlyForDeploymentPostprocessing = 0;
		};
/* End PBXHeadersBuildPhase section */

/* Begin PBXNativeTarget section */
		322A9EE5239FA6170035D035 /* SunilFramework */ = {
			isa = PBXNativeTarget;
			buildConfigurationList = 322A9EEE239FA6170035D035 /* Build configuration list for PBXNativeTarget "SunilFramework" */;
			buildPhases = (
				322A9EE1239FA6170035D035 /* Headers */,
				322A9EE2239FA6170035D035 /* Sources */,
				322A9EE3239FA6170035D035 /* Frameworks */,
				322A9EE4239FA6170035D035 /* Resources */,
			);
			buildRules = (
			);
			dependencies = (
			);
			name = SunilFramework;
			productName = SunilFramework;
			productReference = 322A9EE6239FA6170035D035 /* SunilFramework.framework */;
			productType = "com.apple.product-type.framework";
		};
		322A9EF4239FA6310035D035 /* SunilApp */ = {
			isa = PBXNativeTarget;
			buildConfigurationList = 322A9F14239FA6330035D035 /* Build configuration list for PBXNativeTarget "SunilApp" */;
			buildPhases = (
				322A9EF1239FA6310035D035 /* Sources */,
				322A9EF2239FA6310035D035 /* Frameworks */,
				322A9EF3239FA6310035D035 /* Resources */,
				322A9F21239FA6E00035D035 /* Embed Frameworks */,
			);
			buildRules = (
			);
			dependencies = (
				322A9F20239FA6E00035D035 /* PBXTargetDependency */,
			);
			name = SunilApp;
			productName = SunilApp;
			productReference = 322A9EF5239FA6310035D035 /* SunilApp.app */;
			productType = "com.apple.product-type.application";
		};
		322A9F0C239FA6330035D035 /* SunilAppUITests */ = {
			isa = PBXNativeTarget;
			buildConfigurationList = 322A9F17239FA6330035D035 /* Build configuration list for PBXNativeTarget "SunilAppUITests" */;
			buildPhases = (
				322A9F09239FA6330035D035 /* Sources */,
				322A9F0A239FA6330035D035 /* Frameworks */,
				322A9F0B239FA6330035D035 /* Resources */,
			);
			buildRules = (
			);
			dependencies = (
				322A9F0F239FA6330035D035 /* PBXTargetDependency */,
			);
			name = SunilAppUITests;
			productName = SunilAppUITests;
			productReference = 322A9F0D239FA6330035D035 /* SunilAppUITests.xctest */;
			productType = "com.apple.product-type.bundle.ui-testing";
		};
/* End PBXNativeTarget section */

/* Begin PBXProject section */
		322A9EDD239FA6160035D035 /* Project object */ = {
			isa = PBXProject;
			attributes = {
				LastSwiftUpdateCheck = 1120;
				LastUpgradeCheck = 1120;
				ORGANIZATIONNAME = sunil.kumar1;
				TargetAttributes = {
					322A9EE5239FA6170035D035 = {
						CreatedOnToolsVersion = 11.2.1;
						LastSwiftMigration = 1120;
					};
					322A9EF4239FA6310035D035 = {
						CreatedOnToolsVersion = 11.2.1;
					};
					322A9F0C239FA6330035D035 = {
						CreatedOnToolsVersion = 11.2.1;
						TestTargetID = 322A9EF4239FA6310035D035;
					};
				};
			};
			buildConfigurationList = 322A9EE0239FA6160035D035 /* Build configuration list for PBXProject "SunilFramework" */;
			compatibilityVersion = "Xcode 9.3";
			developmentRegion = en;
			hasScannedForEncodings = 0;
			knownRegions = (
				en,
				Base,
			);
			mainGroup = 322A9EDC239FA6160035D035;
			productRefGroup = 322A9EE7239FA6170035D035 /* Products */;
			projectDirPath = "";
			projectRoot = "";
			targets = (
				322A9EE5239FA6170035D035 /* SunilFramework */,
				322A9EF4239FA6310035D035 /* SunilApp */,
				322A9F0C239FA6330035D035 /* SunilAppUITests */,
			);
		};
/* End PBXProject section */

/* Begin PBXResourcesBuildPhase section */
		322A9EE4239FA6170035D035 /* Resources */ = {
			isa = PBXResourcesBuildPhase;
			buildActionMask = 2147483647;
			files = (
			);
			runOnlyForDeploymentPostprocessing = 0;
		};
		322A9EF3239FA6310035D035 /* Resources */ = {
			isa = PBXResourcesBuildPhase;
			buildActionMask = 2147483647;
			files = (
				322A9F07239FA6330035D035 /* LaunchScreen.storyboard in Resources */,
				322A9F04239FA6330035D035 /* Assets.xcassets in Resources */,
				322A9EFF239FA6310035D035 /* Main.storyboard in Resources */,
			);
			runOnlyForDeploymentPostprocessing = 0;
		};
		322A9F0B239FA6330035D035 /* Resources */ = {
			isa = PBXResourcesBuildPhase;
			buildActionMask = 2147483647;
			files = (
			);
			runOnlyForDeploymentPostprocessing = 0;
		};
/* End PBXResourcesBuildPhase section */

/* Begin PBXSourcesBuildPhase section */
		322A9EE2239FA6170035D035 /* Sources */ = {
			isa = PBXSourcesBuildPhase;
			buildActionMask = 2147483647;
			files = (
				322A9F1B239FA6620035D035 /* SunilFrameworkClass.swift in Sources */,
			);
			runOnlyForDeploymentPostprocessing = 0;
		};
		322A9EF1239FA6310035D035 /* Sources */ = {
			isa = PBXSourcesBuildPhase;
			buildActionMask = 2147483647;
			files = (
				322A9EFC239FA6310035D035 /* ViewController.swift in Sources */,
				322A9F02239FA6310035D035 /* SunilApp.xcdatamodeld in Sources */,
				322A9EF8239FA6310035D035 /* AppDelegate.swift in Sources */,
				322A9EFA239FA6310035D035 /* SceneDelegate.swift in Sources */,
			);
			runOnlyForDeploymentPostprocessing = 0;
		};
		322A9F09239FA6330035D035 /* Sources */ = {
			isa = PBXSourcesBuildPhase;
			buildActionMask = 2147483647;
			files = (
				322A9F12239FA6330035D035 /* SunilAppUITests.swift in Sources */,
			);
			runOnlyForDeploymentPostprocessing = 0;
		};
/* End PBXSourcesBuildPhase section */

/* Begin PBXTargetDependency section */
		322A9F0F239FA6330035D035 /* PBXTargetDependency */ = {
			isa = PBXTargetDependency;
			target = 322A9EF4239FA6310035D035 /* SunilApp */;
			targetProxy = 322A9F0E239FA6330035D035 /* PBXContainerItemProxy */;
		};
		322A9F20239FA6E00035D035 /* PBXTargetDependency */ = {
			isa = PBXTargetDependency;
			target = 322A9EE5239FA6170035D035 /* SunilFramework */;
			targetProxy = 322A9F1F239FA6E00035D035 /* PBXContainerItemProxy */;
		};
/* End PBXTargetDependency section */

/* Begin PBXVariantGroup section */
		322A9EFD239FA6310035D035 /* Main.storyboard */ = {
			isa = PBXVariantGroup;
			children = (
				322A9EFE239FA6310035D035 /* Base */,
			);
			name = Main.storyboard;
			sourceTree = "<group>";
		};
		322A9F05239FA6330035D035 /* LaunchScreen.storyboard */ = {
			isa = PBXVariantGroup;
			children = (
				322A9F06239FA6330035D035 /* Base */,
			);
			name = LaunchScreen.storyboard;
			sourceTree = "<group>";
		};
/* End PBXVariantGroup section */

/* Begin XCBuildConfiguration section */
		322A9EEC239FA6170035D035 /* Debug */ = {
			isa = XCBuildConfiguration;
			buildSettings = {
				ALWAYS_SEARCH_USER_PATHS = NO;
				CLANG_ANALYZER_NONNULL = YES;
				CLANG_ANALYZER_NUMBER_OBJECT_CONVERSION = YES_AGGRESSIVE;
				CLANG_CXX_LANGUAGE_STANDARD = "gnu++14";
				CLANG_CXX_LIBRARY = "libc++";
				CLANG_ENABLE_MODULES = YES;
				CLANG_ENABLE_OBJC_ARC = YES;
				CLANG_ENABLE_OBJC_WEAK = YES;
				CLANG_WARN_BLOCK_CAPTURE_AUTORELEASING = YES;
				CLANG_WARN_BOOL_CONVERSION = YES;
				CLANG_WARN_COMMA = YES;
				CLANG_WARN_CONSTANT_CONVERSION = YES;
				CLANG_WARN_DEPRECATED_OBJC_IMPLEMENTATIONS = YES;
				CLANG_WARN_DIRECT_OBJC_ISA_USAGE = YES_ERROR;
				CLANG_WARN_DOCUMENTATION_COMMENTS = YES;
				CLANG_WARN_EMPTY_BODY = YES;
				CLANG_WARN_ENUM_CONVERSION = YES;
				CLANG_WARN_INFINITE_RECURSION = YES;
				CLANG_WARN_INT_CONVERSION = YES;
				CLANG_WARN_NON_LITERAL_NULL_CONVERSION = YES;
				CLANG_WARN_OBJC_IMPLICIT_RETAIN_SELF = YES;
				CLANG_WARN_OBJC_LITERAL_CONVERSION = YES;
				CLANG_WARN_OBJC_ROOT_CLASS = YES_ERROR;
				CLANG_WARN_RANGE_LOOP_ANALYSIS = YES;
				CLANG_WARN_STRICT_PROTOTYPES = YES;
				CLANG_WARN_SUSPICIOUS_MOVE = YES;
				CLANG_WARN_UNGUARDED_AVAILABILITY = YES_AGGRESSIVE;
				CLANG_WARN_UNREACHABLE_CODE = YES;
				CLANG_WARN__DUPLICATE_METHOD_MATCH = YES;
				COPY_PHASE_STRIP = NO;
				CURRENT_PROJECT_VERSION = 1;
				DEBUG_INFORMATION_FORMAT = dwarf;
				ENABLE_STRICT_OBJC_MSGSEND = YES;
				ENABLE_TESTABILITY = YES;
				GCC_C_LANGUAGE_STANDARD = gnu11;
				GCC_DYNAMIC_NO_PIC = NO;
				GCC_NO_COMMON_BLOCKS = YES;
				GCC_OPTIMIZATION_LEVEL = 0;
				GCC_PREPROCESSOR_DEFINITIONS = (
					"DEBUG=1",
					"$(inherited)",
				);
				GCC_WARN_64_TO_32_BIT_CONVERSION = YES;
				GCC_WARN_ABOUT_RETURN_TYPE = YES_ERROR;
				GCC_WARN_UNDECLARED_SELECTOR = YES;
				GCC_WARN_UNINITIALIZED_AUTOS = YES_AGGRESSIVE;
				GCC_WARN_UNUSED_FUNCTION = YES;
				GCC_WARN_UNUSED_VARIABLE = YES;
				IPHONEOS_DEPLOYMENT_TARGET = 13.2;
				MTL_ENABLE_DEBUG_INFO = INCLUDE_SOURCE;
				MTL_FAST_MATH = YES;
				ONLY_ACTIVE_ARCH = YES;
				SDKROOT = iphoneos;
				SWIFT_ACTIVE_COMPILATION_CONDITIONS = DEBUG;
				SWIFT_OPTIMIZATION_LEVEL = "-Onone";
				VERSIONING_SYSTEM = "apple-generic";
				VERSION_INFO_PREFIX = "";
			};
			name = Debug;
		};
		322A9EED239FA6170035D035 /* Release */ = {
			isa = XCBuildConfiguration;
			buildSettings = {
				ALWAYS_SEARCH_USER_PATHS = NO;
				CLANG_ANALYZER_NONNULL = YES;
				CLANG_ANALYZER_NUMBER_OBJECT_CONVERSION = YES_AGGRESSIVE;
				CLANG_CXX_LANGUAGE_STANDARD = "gnu++14";
				CLANG_CXX_LIBRARY = "libc++";
				CLANG_ENABLE_MODULES = YES;
				CLANG_ENABLE_OBJC_ARC = YES;
				CLANG_ENABLE_OBJC_WEAK = YES;
				CLANG_WARN_BLOCK_CAPTURE_AUTORELEASING = YES;
				CLANG_WARN_BOOL_CONVERSION = YES;
				CLANG_WARN_COMMA = YES;
				CLANG_WARN_CONSTANT_CONVERSION = YES;
				CLANG_WARN_DEPRECATED_OBJC_IMPLEMENTATIONS = YES;
				CLANG_WARN_DIRECT_OBJC_ISA_USAGE = YES_ERROR;
				CLANG_WARN_DOCUMENTATION_COMMENTS = YES;
				CLANG_WARN_EMPTY_BODY = YES;
				CLANG_WARN_ENUM_CONVERSION = YES;
				CLANG_WARN_INFINITE_RECURSION = YES;
				CLANG_WARN_INT_CONVERSION = YES;
				CLANG_WARN_NON_LITERAL_NULL_CONVERSION = YES;
				CLANG_WARN_OBJC_IMPLICIT_RETAIN_SELF = YES;
				CLANG_WARN_OBJC_LITERAL_CONVERSION = YES;
				CLANG_WARN_OBJC_ROOT_CLASS = YES_ERROR;
				CLANG_WARN_RANGE_LOOP_ANALYSIS = YES;
				CLANG_WARN_STRICT_PROTOTYPES = YES;
				CLANG_WARN_SUSPICIOUS_MOVE = YES;
				CLANG_WARN_UNGUARDED_AVAILABILITY = YES_AGGRESSIVE;
				CLANG_WARN_UNREACHABLE_CODE = YES;
				CLANG_WARN__DUPLICATE_METHOD_MATCH = YES;
				COPY_PHASE_STRIP = NO;
				CURRENT_PROJECT_VERSION = 1;
				DEBUG_INFORMATION_FORMAT = "dwarf-with-dsym";
				ENABLE_NS_ASSERTIONS = NO;
				ENABLE_STRICT_OBJC_MSGSEND = YES;
				GCC_C_LANGUAGE_STANDARD = gnu11;
				GCC_NO_COMMON_BLOCKS = YES;
				GCC_WARN_64_TO_32_BIT_CONVERSION = YES;
				GCC_WARN_ABOUT_RETURN_TYPE = YES_ERROR;
				GCC_WARN_UNDECLARED_SELECTOR = YES;
				GCC_WARN_UNINITIALIZED_AUTOS = YES_AGGRESSIVE;
				GCC_WARN_UNUSED_FUNCTION = YES;
				GCC_WARN_UNUSED_VARIABLE = YES;
				IPHONEOS_DEPLOYMENT_TARGET = 13.2;
				MTL_ENABLE_DEBUG_INFO = NO;
				MTL_FAST_MATH = YES;
				SDKROOT = iphoneos;
				SWIFT_COMPILATION_MODE = wholemodule;
				SWIFT_OPTIMIZATION_LEVEL = "-O";
				VALIDATE_PRODUCT = YES;
				VERSIONING_SYSTEM = "apple-generic";
				VERSION_INFO_PREFIX = "";
			};
			name = Release;
		};
		322A9EEF239FA6170035D035 /* Debug */ = {
			isa = XCBuildConfiguration;
			buildSettings = {
				CLANG_ENABLE_MODULES = YES;
				CODE_SIGN_STYLE = Automatic;
				DEFINES_MODULE = YES;
				DYLIB_COMPATIBILITY_VERSION = 1;
				DYLIB_CURRENT_VERSION = 1;
				DYLIB_INSTALL_NAME_BASE = "@rpath";
				INFOPLIST_FILE = SunilFramework/Info.plist;
				INSTALL_PATH = "$(LOCAL_LIBRARY_DIR)/Frameworks";
				LD_RUNPATH_SEARCH_PATHS = (
					"$(inherited)",
					"@executable_path/Frameworks",
					"@loader_path/Frameworks",
				);
				PRODUCT_BUNDLE_IDENTIFIER = in.til.popkarn.SunilFramework;
				PRODUCT_NAME = "$(TARGET_NAME:c99extidentifier)";
				SKIP_INSTALL = YES;
				SWIFT_OPTIMIZATION_LEVEL = "-Onone";
				SWIFT_VERSION = 5.0;
				TARGETED_DEVICE_FAMILY = "1,2";
			};
			name = Debug;
		};
		322A9EF0239FA6170035D035 /* Release */ = {
			isa = XCBuildConfiguration;
			buildSettings = {
				CLANG_ENABLE_MODULES = YES;
				CODE_SIGN_STYLE = Automatic;
				DEFINES_MODULE = YES;
				DYLIB_COMPATIBILITY_VERSION = 1;
				DYLIB_CURRENT_VERSION = 1;
				DYLIB_INSTALL_NAME_BASE = "@rpath";
				INFOPLIST_FILE = SunilFramework/Info.plist;
				INSTALL_PATH = "$(LOCAL_LIBRARY_DIR)/Frameworks";
				LD_RUNPATH_SEARCH_PATHS = (
					"$(inherited)",
					"@executable_path/Frameworks",
					"@loader_path/Frameworks",
				);
				PRODUCT_BUNDLE_IDENTIFIER = in.til.popkarn.SunilFramework;
				PRODUCT_NAME = "$(TARGET_NAME:c99extidentifier)";
				SKIP_INSTALL = YES;
				SWIFT_VERSION = 5.0;
				TARGETED_DEVICE_FAMILY = "1,2";
			};
			name = Release;
		};
		322A9F15239FA6330035D035 /* Debug */ = {
			isa = XCBuildConfiguration;
			buildSettings = {
				ASSETCATALOG_COMPILER_APPICON_NAME = AppIcon;
				CODE_SIGN_STYLE = Automatic;
				INFOPLIST_FILE = SunilApp/Info.plist;
				LD_RUNPATH_SEARCH_PATHS = (
					"$(inherited)",
					"@executable_path/Frameworks",
				);
				PRODUCT_BUNDLE_IDENTIFIER = in.til.popkarn.SunilApp;
				PRODUCT_NAME = "$(TARGET_NAME)";
				SWIFT_VERSION = 5.0;
				TARGETED_DEVICE_FAMILY = "1,2";
			};
			name = Debug;
		};
		322A9F16239FA6330035D035 /* Release */ = {
			isa = XCBuildConfiguration;
			buildSettings = {
				ASSETCATALOG_COMPILER_APPICON_NAME = AppIcon;
				CODE_SIGN_STYLE = Automatic;
				INFOPLIST_FILE = SunilApp/Info.plist;
				LD_RUNPATH_SEARCH_PATHS = (
					"$(inherited)",
					"@executable_path/Frameworks",
				);
				PRODUCT_BUNDLE_IDENTIFIER = in.til.popkarn.SunilApp;
				PRODUCT_NAME = "$(TARGET_NAME)";
				SWIFT_VERSION = 5.0;
				TARGETED_DEVICE_FAMILY = "1,2";
			};
			name = Release;
		};
		322A9F18239FA6330035D035 /* Debug */ = {
			isa = XCBuildConfiguration;
			buildSettings = {
				ALWAYS_EMBED_SWIFT_STANDARD_LIBRARIES = YES;
				CODE_SIGN_STYLE = Automatic;
				INFOPLIST_FILE = SunilAppUITests/Info.plist;
				LD_RUNPATH_SEARCH_PATHS = (
					"$(inherited)",
					"@executable_path/Frameworks",
					"@loader_path/Frameworks",
				);
				PRODUCT_BUNDLE_IDENTIFIER = in.til.popkarn.SunilAppUITests;
				PRODUCT_NAME = "$(TARGET_NAME)";
				SWIFT_VERSION = 5.0;
				TARGETED_DEVICE_FAMILY = "1,2";
				TEST_TARGET_NAME = SunilApp;
			};
			name = Debug;
		};
		322A9F19239FA6330035D035 /* Release */ = {
			isa = XCBuildConfiguration;
			buildSettings = {
				ALWAYS_EMBED_SWIFT_STANDARD_LIBRARIES = YES;
				CODE_SIGN_STYLE = Automatic;
				INFOPLIST_FILE = SunilAppUITests/Info.plist;
				LD_RUNPATH_SEARCH_PATHS = (
					"$(inherited)",
					"@executable_path/Frameworks",
					"@loader_path/Frameworks",
				);
				PRODUCT_BUNDLE_IDENTIFIER = in.til.popkarn.SunilAppUITests;
				PRODUCT_NAME = "$(TARGET_NAME)";
				SWIFT_VERSION = 5.0;
				TARGETED_DEVICE_FAMILY = "1,2";
				TEST_TARGET_NAME = SunilApp;
			};
			name = Release;
		};
/* End XCBuildConfiguration section */

/* Begin XCConfigurationList section */
		322A9EE0239FA6160035D035 /* Build configuration list for PBXProject "SunilFramework" */ = {
			isa = XCConfigurationList;
			buildConfigurations = (
				322A9EEC239FA6170035D035 /* Debug */,
				322A9EED239FA6170035D035 /* Release */,
			);
			defaultConfigurationIsVisible = 0;
			defaultConfigurationName = Release;
		};
		322A9EEE239FA6170035D035 /* Build configuration list for PBXNativeTarget "SunilFramework" */ = {
			isa = XCConfigurationList;
			buildConfigurations = (
				322A9EEF239FA6170035D035 /* Debug */,
				322A9EF0239FA6170035D035 /* Release */,
			);
			defaultConfigurationIsVisible = 0;
			defaultConfigurationName = Release;
		};
		322A9F14239FA6330035D035 /* Build configuration list for PBXNativeTarget "SunilApp" */ = {
			isa = XCConfigurationList;
			buildConfigurations = (
				322A9F15239FA6330035D035 /* Debug */,
				322A9F16239FA6330035D035 /* Release */,
			);
			defaultConfigurationIsVisible = 0;
			defaultConfigurationName = Release;
		};
		322A9F17239FA6330035D035 /* Build configuration list for PBXNativeTarget "SunilAppUITests" */ = {
			isa = XCConfigurationList;
			buildConfigurations = (
				322A9F18239FA6330035D035 /* Debug */,
				322A9F19239FA6330035D035 /* Release */,
			);
			defaultConfigurationIsVisible = 0;
			defaultConfigurationName = Release;
		};
/* End XCConfigurationList section */

/* Begin XCVersionGroup section */
		322A9F00239FA6310035D035 /* SunilApp.xcdatamodeld */ = {
			isa = XCVersionGroup;
			children = (
				322A9F01239FA6310035D035 /* SunilApp.xcdatamodel */,
			);
			currentVersion = 322A9F01239FA6310035D035 /* SunilApp.xcdatamodel */;
			path = SunilApp.xcdatamodeld;
			sourceTree = "<group>";
			versionGroupType = wrapper.xcdatamodel;
		};
/* End XCVersionGroup section */
	};
	rootObject = 322A9EDD239FA6160035D035 /* Project object */;
}
